github.com/Arceliar/phony v0.0.0-20220903101357-530938a4b13d h1:UK9fsWbWqwIQkMCz1CP+v5pGbsGoWAw6g4AyvMpm1EM=
github.com/Arceliar/phony v0.0.0-20220903101357-530938a4b13d/go.mod h1:BCnxhRf47C/dy/e/D2pmB8NkB3dQVIrkD98b220rx5Q=
github.com/bits-and-blooms/bitset v1.24.2/go.mod h1:7hO7Gc7Pp1vODcmWvKMRA9BNmbv6a/7QIWpPxHddWR8=
github.com/bits-and-blooms/bitset v1.24.5 h1:654xBVHc23gJMAgOTkPNoCVfiRxuIOAUnAZFtopqJ4w=
github.com/bits-and-blooms/bitset v1.24.5/go.mod h1:7hO7Gc7Pp1vODcmWvKMRA9BNmbv6a/7QIWpPxHddWR8=
github.com/bits-and-blooms/bloom/v3 v3.7.1 h1:WXovk4TRKZttAMJfoQx6K2DM0zNIt8w+c67UqO+etV0=
github.com/bits-and-blooms/bloom/v3 v3.7.1/go.mod h1:rZzYLLje2dfzXfAkJNxQQHsKurAyK55KUnL43Euk0hU=
github.com/coder/websocket v1.8.15 h1:6B2JPeOGlpff2Uz6vOEH1Vzpi0iUz20A+lPVhPHtNUA=
github.com/coder/websocket v1.8.15/go.mod h1:NX3SzP+inril6yawo5CQXx8+fk145lPDC6pumgx0mVg=
github.com/davecgh/go-spew v1.1.1 h1:vj9j/u1bqnvCEfJOwUhtlOARqs3+rkHYY13jYWTU97c=
github.com/davecgh/go-spew v1.1.1/go.mod h1:J7Y8YcW2NihsgmVo/mv3lAwl/skON4iLHjSsI+c5H38=
github.com/godbus/dbus/v5 v5.1.0 h1:4KLkAxT3aOY8Li4FRJe/KvhoNFFxo0m6fNuFUO8QJUk=
github.com/godbus/dbus/v5 v5.1.0/go.mod h1:xhWf0FNVPg57R7Z0UbKHbJfkEywrmjJnf7w5xrFpKfA=
github.com/gologme/log v1.3.0 h1:l781G4dE+pbigClDSDzSaaYKtiueHCILUa/qSDsmHAo=
github.com/gologme/log v1.3.0/go.mod h1:yKT+DvIPdDdDoPtqFrFxheooyVmoqi0BAsw+erN3wA4=
github.com/google/btree v1.1.2 h1:xf4v41cLI2Z6FxbKm+8Bu+m8ifhj15JuZ9sa0jZCMUU=
github.com/google/btree v1.1.2/go.mod h1:qOPhT0dTNdNzV6Z/lhRX0YXUafgPLFUh+gZMl761Gm4=
github.com/google/go-cmp v0.6.0 h1:ofyhxvXcZhMsU5ulbFiLKl/XBFqE1GSq7atu8tAmTRI=
github.com/google/go-cmp v0.6.0/go.mod h1:17dUlkBOakJ0+DkrSSNjCkIjxS6bF9zb3elmeNGIjoY=
github.com/google/nftables v0.3.0 h1:bkyZ0cbpVeMHXOrtlFc8ISmfVqq5gPJukoYieyVmITg=
github.com/google/nftables v0.3.0/go.mod h1:BCp9FsrbF1Fn/Yu6CLUc9GGZFw/+hsxfluNXXmxBfRM=
github.com/hjson/hjson-go/v4 v4.6.0 h1:16e6ViyVfAANKsXo/46h8szUADez7FJs67xl/l+KHS4=
github.com/hjson/hjson-go/v4 v4.6.0/go.mod h1:4zx6c7Y0vWcm8IRyVoQJUHAPJLXLvbG6X8nk1RLigSo=
github.com/mdlayher/netlink v1.7.3-0.20250113171957-fbb4dce95f42 h1:A1Cq6Ysb0GM0tpKMbdCXCIfBclan4oHk1Jb+Hrejirg=
github.com/mdlayher/netlink v1.7.3-0.20250113171957-fbb4dce95f42/go.mod h1:BB4YCPDOzfy7FniQ/lxuYQ3dgmM2cZumHbK8RpTjN2o=
github.com/mdlayher/socket v0.5.0 h1:ilICZmJcQz70vrWVes1MFera4jGiWNocSkykwwoy3XI=
github.com/mdlayher/socket v0.5.0/go.mod h1:WkcBFfvyG8QENs5+hfQPl1X6Jpd2yeLIYgrGFmJiJxI=
github.com/pmezard/go-difflib v1.0.0 h1:4DBwDE0NGyQoBHbLQYPwSUPoCMWR5BEzIk/f1lZbAQM=
github.com/pmezard/go-difflib v1.0.0/go.mod h1:iKH77koFhYxTK1pcRnkKkqfTogsbg7gZNVY4sRDYZ/4=
github.com/quic-go/go-ossfuzz-seeds v0.1.0 h1:APacT+iIaNF6fd8AGEiN3bT/Jtkd2jz4v4TzM7MFjy0=
github.com/quic-go/go-ossfuzz-seeds v0.1.0/go.mod h1:3IOHRbJIc+L6YKMwfDtJAM9Vj9k0YY4muhuyUYk5tbk=
github.com/quic-go/quic-go v0.60.0 h1:xcQioE8OM66UQLeUMHltK1CCcOu3JbVB4JAQdDQSB+0=
github.com/quic-go/quic-go v0.60.0/go.mod h1:wpKpjmPpftl30sL6pFh7REVpjbcCVy4zt2vDyK1TuJk=
github.com/stretchr/testify v1.11.1 h1:7s2iGBzp5EwR7/aIZr8ao5+dra3wiQyKjjFuvgVKu7U=
github.com/stretchr/testify v1.11.1/go.mod h1:wZwfW3scLgRK+23gO65QZefKpKQRnfz6sD981Nm4B6U=
github.com/twmb/murmur3 v1.1.8 h1:8Yt9taO/WN3l08xErzjeschgZU2QSrwm1kclYq+0aRg=
github.com/twmb/murmur3 v1.1.8/go.mod h1:Qq/R7NUyOfr65zD+6Q5IHKsJLwP7exErjN6lyyq3OSQ=
github.com/vishvananda/netlink v1.3.1 h1:3AEMt62VKqz90r0tmNhog0r/PpWKmrEShJU0wJW6bV0=
github.com/vishvananda/netlink v1.3.1/go.mod h1:ARtKouGSTGchR8aMwmkzC0qiNPrrWO5JS/XMVl45+b4=
github.com/vishvananda/netns v0.0.5 h1:DfiHV+j8bA32MFM7bfEunvT8IAqQ/NzSJHtcmW5zdEY=
github.com/vishvananda/netns v0.0.5/go.mod h1:SpkAiCQRtJ6TvvxPnOSyH3BMl6unz3xZlaprSwhNNJM=
github.com/yggdrasil-network/yggdrasil-go v0.5.14 h1:ghLob4UbYoTxwK7yo2GC286CEAaiD7eZhUlFTzO2mnA=
github.com/yggdrasil-network/yggdrasil-go v0.5.14/go.mod h1:BP8fGWhbvtjJo4Yi6U/qJlY4mols73LYMXjDkxAWhDM=
go.uber.org/mock v0.5.2 h1:LbtPTcP8A5k9WPXj54PPPbjcI4Y6lhyOZXn+VS7wNko=
go.uber.org/mock v0.5.2/go.mod h1:wLlUxC2vVTPTaE3UD51E0BGOAElKrILxhVSDYQLld5o=
golang.org/x/crypto v0.58.0 h1:COkYLr4k7nDI4r6QtMML2AfzeIswWHAJthLS6K/M/54=
golang.org/x/crypto v0.58.0/go.mod h1:Xh+kl5A+M0gMiWDytH2Hhr5Z7WbNCpv/eB/EFgfSk+w=
golang.org/x/net v0.61.0 h1:RR+6j/BTBCrggOLugxa+66R8FvoN6MHlzDlZIbN9YFw=
golang.org/x/net v0.61.0/go.mod h1:WgDCOTH8iwtB66T4/GfI94AHo/hhdb7Hah9NDseQfiI=
golang.org/x/sync v0.24.0 h1:iqiDrGoDgyuvAKrhLQthUEzU/R378N78gXbBjxed7oA=
golang.org/x/sync v0.24.0/go.mod h1:sUUOizhqBxiL6pEWpqNLUiaJn1ShEbZ6BBqskPbjZm0=
golang.org/x/sys v0.2.0/go.mod h1:oPkhp1MJrh7nUepCBck5+mAzfO9JrbApNNgaTdGDITg=
golang.org/x/sys v0.10.0/go.mod h1:oPkhp1MJrh7nUepCBck5+mAzfO9JrbApNNgaTdGDITg=
golang.org/x/sys v0.49.0 h1:XbzkgYJHdqh/8m2Uu0W/dQv8nktxx4BFHp1M0gROTXA=
golang.org/x/sys v0.49.0/go.mod h1:hNLxWAXmnKAxqDtdwIYC4bM9oQPEecfsnNMuSxOs3og=
golang.org/x/term v0.47.0 h1:cpyOwQkr2Nzxe2p6KnrTG7Ei2wtzjsuSjhpXXepZ/BM=
golang.org/x/term v0.47.0/go.mod h1:efAfAuG6RKABvg1ArGebRkvX6LXul14SM67o2e4mUCY=
golang.org/x/text v0.43.0 h1:1QivrlhwAsnMOcqgOdl9my7s9OyZl8O5/UGUTJVXoWc=
golang.org/x/text v0.43.0/go.mod h1:hbSIYA/amXcRXTFSZqh8tWHEoqRvvbKPJ2uz/KU+a+s=
golang.org/x/time v0.7.0 h1:ntUhktv3OPE6TgYxXWv9vKvUSJyIFJlyohwbkEwPrKQ=
golang.org/x/time v0.7.0/go.mod h1:3BpzKBy/shNhVucY/MWOyx10tF3SFh9QdLuxbVysPQM=
golang.zx2c4.com/wintun v0.0.0-20230126152724-0fa3db229ce2 h1:B82qJJgjvYKsXS9jeunTOisW56dUokqW/FOteYJJ/yg=
golang.zx2c4.com/wintun v0.0.0-20230126152724-0fa3db229ce2/go.mod h1:deeaetjYA+DHMHg+sMSMI58GrEteJUUzzw7en6TJQcI=
golang.zx2c4.com/wireguard v0.0.0-20260522210424-ecfc5a8d5446 h1:cqHQ3AycTHvM2R7ikgyX57D+XvtcSnGylsLkOVhta/w=
golang.zx2c4.com/wireguard v0.0.0-20260522210424-ecfc5a8d5446/go.mod h1:rpwXGsirqLqN2L0JDJQlwOboGHmptD5ZD6T2VmcqhTw=
gopkg.in/yaml.v3 v3.0.1 h1:fxVm/GzAzEWqLHuvctI91KS9hhNmmWOoWu0XTYJS7CA=
gopkg.in/yaml.v3 v3.0.1/go.mod h1:K4uyk7z7BCEPqu6E+C64Yfv1cQ7kz7rIZviUmN+EgEM=
gvisor.dev/gvisor v0.0.0-20250503011706-39ed1f5ac29c h1:m/r7OM+Y2Ty1sgBQ7Qb27VgIMBW8ZZhT4gLnUyDIhzI=
gvisor.dev/gvisor v0.0.0-20250503011706-39ed1f5ac29c/go.mod h1:3r5CMtNQMKIvBlrmM9xWUNamjKBYPOWyXOjmg5Kts3g=
rsc.io/qr v0.2.0 h1:6vBLea5/NRMVTz8V66gipeLycZMl/+UlFmk8DvqQ6WY=
rsc.io/qr v0.2.0/go.mod h1:IF+uZjkb9fqyeF/4tlBoynqmQxUoPfWEKh921coOuXs=
